
Microsoft Visual Studio Solution File, Format Version 12.00
# Visual Studio Version 16
VisualStudioVersion = 16.0.29728.190
MinimumVisualStudioVersion = 10.0.40219.1
Project("{9A19103F-16F7-4668-BE54-9A1E7A4F7556}") = "AniHub", "AniHub\AniHub.csproj", "{D0378739-862E-4B9B-8BBA-903AC347CE5D}"
EndProject
Project("{9A19103F-16F7-4668-BE54-9A1E7A4F7556}") = "AniHubLib", "AniHubLib\AniHubLib.csproj", "{2731A144-9BC5-4889-A2D0-EB6652753347}"
EndProject
Project("{9A19103F-16F7-4668-BE54-9A1E7A4F7556}") = "AniHubLib.Tests", "AniHubLib.Tests\AniHubLib.Tests.csproj", "{C9CBED7D-D2A4-4164-BD44-7D76CFCBC384}"
EndProject
Project("{FAE04EC0-301F-11D3-BF4B-00C04F79EFBC}") = "AniHubConsole", "AniHubConsole\AniHubConsole.csproj", "{C039D674-940D-40DB-B0B0-848C50306BD8}"
EndProject
Global
	GlobalSection(SolutionConfigurationPlatforms) = preSolution
		Debug|Any CPU = Debug|Any CPU
		Release|Any CPU = Release|Any CPU
	EndGlobalSection
	GlobalSection(ProjectConfigurationPlatforms) = postSolution
		{D0378739-862E-4B9B-8BBA-903AC347CE5D}.Debug|Any CPU.ActiveCfg = Debug|Any CPU
		{D0378739-862E-4B9B-8BBA-903AC347CE5D}.Debug|Any CPU.Build.0 = Debug|Any CPU
		{D0378739-862E-4B9B-8BBA-903AC347CE5D}.Release|Any CPU.ActiveCfg = Release|Any CPU
		{D0378739-862E-4B9B-8BBA-903AC347CE5D}.Release|Any CPU.Build.0 = Release|Any CPU
		{2731A144-9BC5-4889-A2D0-EB6652753347}.Debug|Any CPU.ActiveCfg = Debug|Any CPU
		{2731A144-9BC5-4889-A2D0-EB6652753347}.Debug|Any CPU.Build.0 = Debug|Any CPU
		{2731A144-9BC5-4889-A2D0-EB6652753347}.Release|Any CPU.ActiveCfg = Release|Any CPU
		{2731A144-9BC5-4889-A2D0-EB6652753347}.Release|Any CPU.Build.0 = Release|Any CPU
		{C9CBED7D-D2A4-4164-BD44-7D76CFCBC384}.Debug|Any CPU.ActiveCfg = Debug|Any CPU
		{C9CBED7D-D2A4-4164-BD44-7D76CFCBC384}.Debug|Any CPU.Build.0 = Debug|Any CPU
		{C9CBED7D-D2A4-4164-BD44-7D76CFCBC384}.Release|Any CPU.ActiveCfg = Release|Any CPU
		{C9CBED7D-D2A4-4164-BD44-7D76CFCBC384}.Release|Any CPU.Build.0 = Release|Any CPU
		{C039D674-940D-40DB-B0B0-848C50306BD8}.Debug|Any CPU.ActiveCfg = Debug|Any CPU
		{C039D674-940D-40DB-B0B0-848C50306BD8}.Debug|Any CPU.Build.0 = Debug|Any CPU
		{C039D674-940D-40DB-B0B0-848C50306BD8}.Release|Any CPU.ActiveCfg = Release|Any CPU
		{C039D674-940D-40DB-B0B0-848C50306BD8}.Release|Any CPU.Build.0 = Release|Any CPU
	EndGlobalSection
	GlobalSection(SolutionProperties) = preSolution
		HideSolutionNode = FALSE
	EndGlobalSection
	GlobalSection(ExtensibilityGlobals) = postSolution
		SolutionGuid = {3B3E4BD1-9151-49EE-B58E-C804F13A6E25}
	EndGlobalSection
EndGlobal
